schema: '2.0'
stages:
  training:
    cmd: python src/train.py --config=params.yaml
    deps:
    - path: src/get_data.py
      md5: ced01fc909b8634ec792d06baca68bff
      size: 1060
    - path: src/preprocess_data.py
      md5: 22b834b34a972cc53866f229924e5133
      size: 2293
    - path: src/train.py
      md5: 878aa20a183747a535a0009b990f8153
      size: 3383
    outs:
    - path: report/params.json
      md5: e89e13d520b8c7146d9650f6bd869ef4
      size: 167
    - path: saved_models/model.h5
      md5: 1d52b640fa1bd95b21c536e7a2ef3087
      size: 96060976
  evaluating:
    cmd: python src/to_predict.py --config=params.yaml
    deps:
    - path: saved_models/model.h5
      md5: 1d52b640fa1bd95b21c536e7a2ef3087
      size: 96060976
    - path: src/get_data.py
      md5: ced01fc909b8634ec792d06baca68bff
      size: 1060
    outs:
    - path: evaluation/report.txt
      md5: be452b65b82e10b46cbbad9f754f3d3a
      size: 298
    - path: report/scores.json
      md5: f36bd8654b548fce360710113f4a0422
      size: 44
